
Microsoft Visual Studio Solution File, Format Version 12.00
# Visual Studio 15
VisualStudioVersion = 15.0.26430.16
MinimumVisualStudioVersion = 10.0.40219.1
Project("{FAE04EC0-301F-11D3-BF4B-00C04F79EFBC}") = "Facebook.Quiz.Webhook", "Facebook.Quiz.Webhook\Facebook.Quiz.Webhook.csproj", "{AFE9958A-005E-4C67-B637-3F3D906AA10B}"
EndProject
Global
	GlobalSection(SolutionConfigurationPlatforms) = preSolution
		Debug|Any CPU = Debug|Any CPU
		Release|Any CPU = Release|Any CPU
	EndGlobalSection
	GlobalSection(ProjectConfigurationPlatforms) = postSolution
		{AFE9958A-005E-4C67-B637-3F3D906AA10B}.Debug|Any CPU.ActiveCfg = Debug|Any CPU
		{AFE9958A-005E-4C67-B637-3F3D906AA10B}.Debug|Any CPU.Build.0 = Debug|Any CPU
		{AFE9958A-005E-4C67-B637-3F3D906AA10B}.Release|Any CPU.ActiveCfg = Release|Any CPU
		{AFE9958A-005E-4C67-B637-3F3D906AA10B}.Release|Any CPU.Build.0 = Release|Any CPU
	EndGlobalSection
	GlobalSection(SolutionProperties) = preSolution
		HideSolutionNode = FALSE
	EndGlobalSection
EndGlobal
